// !$*UTF8*$!
{
	archiveVersion = 1;
	classes = {
	};
	objectVersion = 46;
	objects = {

/* Begin PBXBuildFile section */
		F30B17BE18C49D320098C575 /* Foundation.framework in Frameworks */ = {isa = PBXBuildFile; fileRef = F30B17BD18C49D320098C575 /* Foundation.framework */; };
		F30B17C018C49D320098C575 /* CoreGraphics.framework in Frameworks */ = {isa = PBXBuildFile; fileRef = F30B17BF18C49D320098C575 /* CoreGraphics.framework */; };
		F30B17C218C49D320098C575 /* UIKit.framework in Frameworks */ = {isa = PBXBuildFile; fileRef = F30B17C118C49D320098C575 /* UIKit.framework */; };
		F30B17C818C49D320098C575 /* InfoPlist.strings in Resources */ = {isa = PBXBuildFile; fileRef = F30B17C618C49D320098C575 /* InfoPlist.strings */; };
		F30B17CA18C49D320098C575 /* main.m in Sources */ = {isa = PBXBuildFile; fileRef = F30B17C918C49D320098C575 /* main.m */; };
		F30B17CE18C49D320098C575 /* AppDelegate.m in Sources */ = {isa = PBXBuildFile; fileRef = F30B17CD18C49D320098C575 /* AppDelegate.m */; };
		F30B17D118C49D320098C575 /* Main.storyboard in Resources */ = {isa = PBXBuildFile; fileRef = F30B17CF18C49D320098C575 /* Main.storyboard */; };
		F30B17D618C49D320098C575 /* Images.xcassets in Resources */ = {isa = PBXBuildFile; fileRef = F30B17D518C49D320098C575 /* Images.xcassets */; };
		F30B17DD18C49D320098C575 /* XCTest.framework in Frameworks */ = {isa = PBXBuildFile; fileRef = F30B17DC18C49D320098C575 /* XCTest.framework */; };
		F30B17DE18C49D320098C575 /* Foundation.framework in Frameworks */ = {isa = PBXBuildFile; fileRef = F30B17BD18C49D320098C575 /* Foundation.framework */; };
		F30B17DF18C49D320098C575 /* UIKit.framework in Frameworks */ = {isa = PBXBuildFile; fileRef = F30B17C118C49D320098C575 /* UIKit.framework */; };
		F30B17E718C49D320098C575 /* InfoPlist.strings in Resources */ = {isa = PBXBuildFile; fileRef = F30B17E518C49D320098C575 /* InfoPlist.strings */; };
		F30B17E918C49D320098C575 /* ServerConnectionExampleTests.m in Sources */ = {isa = PBXBuildFile; fileRef = F30B17E818C49D320098C575 /* ServerConnectionExampleTests.m */; };
		F30B17F418C4A2930098C575 /* LoginViewController.m in Sources */ = {isa = PBXBuildFile; fileRef = F30B17F318C4A2930098C575 /* LoginViewController.m */; };
		F30B17FB18C4AE650098C575 /* MD5.m in Sources */ = {isa = PBXBuildFile; fileRef = F30B17FA18C4AE650098C575 /* MD5.m */; };
		F30B17FE18C4B7380098C575 /* MainViewController.m in Sources */ = {isa = PBXBuildFile; fileRef = F30B17FD18C4B7380098C575 /* MainViewController.m */; };
/* End PBXBuildFile section */

/* Begin PBXContainerItemProxy section */
		F30B17E018C49D320098C575 /* PBXContainerItemProxy */ = {
			isa = PBXContainerItemProxy;
			containerPortal = F30B17B218C49D320098C575 /* Project object */;
			proxyType = 1;
			remoteGlobalIDString = F30B17B918C49D320098C575;
			remoteInfo = ServerConnectionExample;
		};
/* End PBXContainerItemProxy section */

/* Begin PBXFileReference section */
		F30B17BA18C49D320098C575 /* ServerConnectionExample.app */ = {isa = PBXFileReference; explicitFileType = wrapper.application; includeInIndex = 0; path = ServerConnectionExample.app; sourceTree = BUILT_PRODUCTS_DIR; };
		F30B17BD18C49D320098C575 /* Foundation.framework */ = {isa = PBXFileReference; lastKnownFileType = wrapper.framework; name = Foundation.framework; path = System/Library/Frameworks/Foundation.framework; sourceTree = SDKROOT; };
		F30B17BF18C49D320098C575 /* CoreGraphics.framework */ = {isa = PBXFileReference; lastKnownFileType = wrapper.framework; name = CoreGraphics.framework; path = System/Library/Frameworks/CoreGraphics.framework; sourceTree = SDKROOT; };
		F30B17C118C49D320098C575 /* UIKit.framework */ = {isa = PBXFileReference; lastKnownFileType = wrapper.framework; name = UIKit.framework; path = System/Library/Frameworks/UIKit.framework; sourceTree = SDKROOT; };
		F30B17C518C49D320098C575 /* ServerConnectionExample-Info.plist */ = {isa = PBXFileReference; lastKnownFileType = text.plist.xml; path = "ServerConnectionExample-Info.plist"; sourceTree = "<group>"; };
		F30B17C718C49D320098C575 /* en */ = {isa = PBXFileReference; lastKnownFileType = text.plist.strings; name = en; path = en.lproj/InfoPlist.strings; sourceTree = "<group>"; };
		F30B17C918C49D320098C575 /* main.m */ = {isa = PBXFileReference; lastKnownFileType = sourcecode.c.objc; path = main.m; sourceTree = "<group>"; };
		F30B17CB18C49D320098C575 /* ServerConnectionExample-Prefix.pch */ = {isa = PBXFileReference; lastKnownFileType = sourcecode.c.h; path = "ServerConnectionExample-Prefix.pch"; sourceTree = "<group>"; };
		F30B17CC18C49D320098C575 /* AppDelegate.h */ = {isa = PBXFileReference; lastKnownFileType = sourcecode.c.h; path = AppDelegate.h; sourceTree = "<group>"; };
		F30B17CD18C49D320098C575 /* AppDelegate.m */ = {isa = PBXFileReference; lastKnownFileType = sourcecode.c.objc; path = AppDelegate.m; sourceTree = "<group>"; };
		F30B17D018C49D320098C575 /* Base */ = {isa = PBXFileReference; lastKnownFileType = file.storyboard; name = Base; path = Base.lproj/Main.storyboard; sourceTree = "<group>"; };
		F30B17D518C49D320098C575 /* Images.xcassets */ = {isa = PBXFileReference; lastKnownFileType = folder.assetcatalog; path = Images.xcassets; sourceTree = "<group>"; };
		F30B17DB18C49D320098C575 /* ServerConnectionExampleTests.xctest */ = {isa = PBXFileReference; explicitFileType = wrapper.cfbundle; includeInIndex = 0; path = ServerConnectionExampleTests.xctest; sourceTree = BUILT_PRODUCTS_DIR; };
		F30B17DC18C49D320098C575 /* XCTest.framework */ = {isa = PBXFileReference; lastKnownFileType = wrapper.framework; name = XCTest.framework; path = Library/Frameworks/XCTest.framework; sourceTree = DEVELOPER_DIR; };
		F30B17E418C49D320098C575 /* ServerConnectionExampleTests-Info.plist */ = {isa = PBXFileReference; lastKnownFileType = text.plist.xml; path = "ServerConnectionExampleTests-Info.plist"; sourceTree = "<group>"; };
		F30B17E618C49D320098C575 /* en */ = {isa = PBXFileReference; lastKnownFileType = text.plist.strings; name = en; path = en.lproj/InfoPlist.strings; sourceTree = "<group>"; };
		F30B17E818C49D320098C575 /* ServerConnectionExampleTests.m */ = {isa = PBXFileReference; lastKnownFileType = sourcecode.c.objc; path = ServerConnectionExampleTests.m; sourceTree = "<group>"; };
		F30B17F218C4A2930098C575 /* LoginViewController.h */ = {isa = PBXFileReference; fileEncoding = 4; lastKnownFileType = sourcecode.c.h; path = LoginViewController.h; sourceTree = "<group>"; };
		F30B17F318C4A2930098C575 /* LoginViewController.m */ = {isa = PBXFileReference; fileEncoding = 4; lastKnownFileType = sourcecode.c.objc; path = LoginViewController.m; sourceTree = "<group>"; };
		F30B17F918C4AE650098C575 /* MD5.h */ = {isa = PBXFileReference; fileEncoding = 4; lastKnownFileType = sourcecode.c.h; path = MD5.h; sourceTree = "<group>"; };
		F30B17FA18C4AE650098C575 /* MD5.m */ = {isa = PBXFileReference; fileEncoding = 4; lastKnownFileType = sourcecode.c.objc; path = MD5.m; sourceTree = "<group>"; };
		F30B17FC18C4B7380098C575 /* MainViewController.h */ = {isa = PBXFileReference; fileEncoding = 4; lastKnownFileType = sourcecode.c.h; path = MainViewController.h; sourceTree = "<group>"; };
		F30B17FD18C4B7380098C575 /* MainViewController.m */ = {isa = PBXFileReference; fileEncoding = 4; lastKnownFileType = sourcecode.c.objc; path = MainViewController.m; sourceTree = "<group>"; };
/* End PBXFileReference section */

/* Begin PBXFrameworksBuildPhase section */
		F30B17B718C49D320098C575 /* Frameworks */ = {
			isa = PBXFrameworksBuildPhase;
			buildActionMask = 2147483647;
			files = (
				F30B17C018C49D320098C575 /* CoreGraphics.framework in Frameworks */,
				F30B17C218C49D320098C575 /* UIKit.framework in Frameworks */,
				F30B17BE18C49D320098C575 /* Foundation.framework in Frameworks */,
			);
			runOnlyForDeploymentPostprocessing = 0;
		};
		F30B17D818C49D320098C575 /* Frameworks */ = {
			isa = PBXFrameworksBuildPhase;
			buildActionMask = 2147483647;
			files = (
				F30B17DD18C49D320098C575 /* XCTest.framework in Frameworks */,
				F30B17DF18C49D320098C575 /* UIKit.framework in Frameworks */,
				F30B17DE18C49D320098C575 /* Foundation.framework in Frameworks */,
			);
			runOnlyForDeploymentPostprocessing = 0;
		};
/* End PBXFrameworksBuildPhase section */

/* Begin PBXGroup section */
		F30B17B118C49D320098C575 = {
			isa = PBXGroup;
			children = (
				F30B17C318C49D320098C575 /* ServerConnectionExample */,
				F30B17E218C49D320098C575 /* ServerConnectionExampleTests */,
				F30B17BC18C49D320098C575 /* Frameworks */,
				F30B17BB18C49D320098C575 /* Products */,
			);
			sourceTree = "<group>";
		};
		F30B17BB18C49D320098C575 /* Products */ = {
			isa = PBXGroup;
			children = (
				F30B17BA18C49D320098C575 /* ServerConnectionExample.app */,
				F30B17DB18C49D320098C575 /* ServerConnectionExampleTests.xctest */,
			);
			name = Products;
			sourceTree = "<group>";
		};
		F30B17BC18C49D320098C575 /* Frameworks */ = {
			isa = PBXGroup;
			children = (
				F30B17BD18C49D320098C575 /* Foundation.framework */,
				F30B17BF18C49D320098C575 /* CoreGraphics.framework */,
				F30B17C118C49D320098C575 /* UIKit.framework */,
				F30B17DC18C49D320098C575 /* XCTest.framework */,
			);
			name = Frameworks;
			sourceTree = "<group>";
		};
		F30B17C318C49D320098C575 /* ServerConnectionExample */ = {
			isa = PBXGroup;
			children = (
				F30B17CC18C49D320098C575 /* AppDelegate.h */,
				F30B17CD18C49D320098C575 /* AppDelegate.m */,
				F30B17CF18C49D320098C575 /* Main.storyboard */,
				F30B17F918C4AE650098C575 /* MD5.h */,
				F30B17FA18C4AE650098C575 /* MD5.m */,
				F30B17F518C4A29A0098C575 /* LoginViewController */,
				F30B17FF18C4B73C0098C575 /* MainViewController */,
				F30B17D518C49D320098C575 /* Images.xcassets */,
				F30B17C418C49D320098C575 /* Supporting Files */,
			);
			path = ServerConnectionExample;
			sourceTree = "<group>";
		};
		F30B17C418C49D320098C575 /* Supporting Files */ = {
			isa = PBXGroup;
			children = (
				F30B17C518C49D320098C575 /* ServerConnectionExample-Info.plist */,
				F30B17C618C49D320098C575 /* InfoPlist.strings */,
				F30B17C918C49D320098C575 /* main.m */,
				F30B17CB18C49D320098C575 /* ServerConnectionExample-Prefix.pch */,
			);
			name = "Supporting Files";
			sourceTree = "<group>";
		};
		F30B17E218C49D320098C575 /* ServerConnectionExampleTests */ = {
			isa = PBXGroup;
			children = (
				F30B17E818C49D320098C575 /* ServerConnectionExampleTests.m */,
				F30B17E318C49D320098C575 /* Supporting Files */,
			);
			path = ServerConnectionExampleTests;
			sourceTree = "<group>";
		};
		F30B17E318C49D320098C575 /* Supporting Files */ = {
			isa = PBXGroup;
			children = (
				F30B17E418C49D320098C575 /* ServerConnectionExampleTests-Info.plist */,
				F30B17E518C49D320098C575 /* InfoPlist.strings */,
			);
			name = "Supporting Files";
			sourceTree = "<group>";
		};
		F30B17F518C4A29A0098C575 /* LoginViewController */ = {
			isa = PBXGroup;
			children = (
				F30B17F218C4A2930098C575 /* LoginViewController.h */,
				F30B17F318C4A2930098C575 /* LoginViewController.m */,
			);
			name = LoginViewController;
			sourceTree = "<group>";
		};
		F30B17FF18C4B73C0098C575 /* MainViewController */ = {
			isa = PBXGroup;
			children = (
				F30B17FC18C4B7380098C575 /* MainViewController.h */,
				F30B17FD18C4B7380098C575 /* MainViewController.m */,
			);
			name = MainViewController;
			sourceTree = "<group>";
		};
/* End PBXGroup section */

/* Begin PBXNativeTarget section */
		F30B17B918C49D320098C575 /* ServerConnectionExample */ = {
			isa = PBXNativeTarget;
			buildConfigurationList = F30B17EC18C49D320098C575 /* Build configuration list for PBXNativeTarget "ServerConnectionExample" */;
			buildPhases = (
				F30B17B618C49D320098C575 /* Sources */,
				F30B17B718C49D320098C575 /* Frameworks */,
				F30B17B818C49D320098C575 /* Resources */,
			);
			buildRules = (
			);
			dependencies = (
			);
			name = ServerConnectionExample;
			productName = ServerConnectionExample;
			productReference = F30B17BA18C49D320098C575 /* ServerConnectionExample.app */;
			productType = "com.apple.product-type.application";
		};
		F30B17DA18C49D320098C575 /* ServerConnectionExampleTests */ = {
			isa = PBXNativeTarget;
			buildConfigurationList = F30B17EF18C49D320098C575 /* Build configuration list for PBXNativeTarget "ServerConnectionExampleTests" */;
			buildPhases = (
				F30B17D718C49D320098C575 /* Sources */,
				F30B17D818C49D320098C575 /* Frameworks */,
				F30B17D918C49D320098C575 /* Resources */,
			);
			buildRules = (
			);
			dependencies = (
				F30B17E118C49D320098C575 /* PBXTargetDependency */,
			);
			name = ServerConnectionExampleTests;
			productName = ServerConnectionExampleTests;
			productReference = F30B17DB18C49D320098C575 /* ServerConnectionExampleTests.xctest */;
			productType = "com.apple.product-type.bundle.unit-test";
		};
/* End PBXNativeTarget section */

/* Begin PBXProject section */
		F30B17B218C49D320098C575 /* Project object */ = {
			isa = PBXProject;
			attributes = {
				LastUpgradeCheck = 0500;
				ORGANIZATIONNAME = "Dacio Leal Rodriguez";
				TargetAttributes = {
					F30B17DA18C49D320098C575 = {
						TestTargetID = F30B17B918C49D320098C575;
					};
				};
			};
			buildConfigurationList = F30B17B518C49D320098C575 /* Build configuration list for PBXProject "ServerConnectionExample" */;
			compatibilityVersion = "Xcode 3.2";
			developmentRegion = English;
			hasScannedForEncodings = 0;
			knownRegions = (
				en,
				Base,
			);
			mainGroup = F30B17B118C49D320098C575;
			productRefGroup = F30B17BB18C49D320098C575 /* Products */;
			projectDirPath = "";
			projectRoot = "";
			targets = (
				F30B17B918C49D320098C575 /* ServerConnectionExample */,
				F30B17DA18C49D320098C575 /* ServerConnectionExampleTests */,
			);
		};
/* End PBXProject section */

/* Begin PBXResourcesBuildPhase section */
		F30B17B818C49D320098C575 /* Resources */ = {
			isa = PBXResourcesBuildPhase;
			buildActionMask = 2147483647;
			files = (
				F30B17D618C49D320098C575 /* Images.xcassets in Resources */,
				F30B17C818C49D320098C575 /* InfoPlist.strings in Resources */,
				F30B17D118C49D320098C575 /* Main.storyboard in Resources */,
			);
			runOnlyForDeploymentPostprocessing = 0;
		};
		F30B17D918C49D320098C575 /* Resources */ = {
			isa = PBXResourcesBuildPhase;
			buildActionMask = 2147483647;
			files = (
				F30B17E718C49D320098C575 /* InfoPlist.strings in Resources */,
			);
			runOnlyForDeploymentPostprocessing = 0;
		};
/* End PBXResourcesBuildPhase section */

/* Begin PBXSourcesBuildPhase section */
		F30B17B618C49D320098C575 /* Sources */ = {
			isa = PBXSourcesBuildPhase;
			buildActionMask = 2147483647;
			files = (
				F30B17F418C4A2930098C575 /* LoginViewController.m in Sources */,
				F30B17CE18C49D320098C575 /* AppDelegate.m in Sources */,
				F30B17FB18C4AE650098C575 /* MD5.m in Sources */,
				F30B17FE18C4B7380098C575 /* MainViewController.m in Sources */,
				F30B17CA18C49D320098C575 /* main.m in Sources */,
			);
			runOnlyForDeploymentPostprocessing = 0;
		};
		F30B17D718C49D320098C575 /* Sources */ = {
			isa = PBXSourcesBuildPhase;
			buildActionMask = 2147483647;
			files = (
				F30B17E918C49D320098C575 /* ServerConnectionExampleTests.m in Sources */,
			);
			runOnlyForDeploymentPostprocessing = 0;
		};
/* End PBXSourcesBuildPhase section */

/* Begin PBXTargetDependency section */
		F30B17E118C49D320098C575 /* PBXTargetDependency */ = {
			isa = PBXTargetDependency;
			target = F30B17B918C49D320098C575 /* ServerConnectionExample */;
			targetProxy = F30B17E018C49D320098C575 /* PBXContainerItemProxy */;
		};
/* End PBXTargetDependency section */

/* Begin PBXVariantGroup section */
		F30B17C618C49D320098C575 /* InfoPlist.strings */ = {
			isa = PBXVariantGroup;
			children = (
				F30B17C718C49D320098C575 /* en */,
			);
			name = InfoPlist.strings;
			sourceTree = "<group>";
		};
		F30B17CF18C49D320098C575 /* Main.storyboard */ = {
			isa = PBXVariantGroup;
			children = (
				F30B17D018C49D320098C575 /* Base */,
			);
			name = Main.storyboard;
			sourceTree = "<group>";
		};
		F30B17E518C49D320098C575 /* InfoPlist.strings */ = {
			isa = PBXVariantGroup;
			children = (
				F30B17E618C49D320098C575 /* en */,
			);
			name = InfoPlist.strings;
			sourceTree = "<group>";
		};
/* End PBXVariantGroup section */

/* Begin XCBuildConfiguration section */
		F30B17EA18C49D320098C575 /* Debug */ = {
			isa = XCBuildConfiguration;
			buildSettings = {
				ALWAYS_SEARCH_USER_PATHS = NO;
				ARCHS = "$(ARCHS_STANDARD_INCLUDING_64_BIT)";
				CLANG_CXX_LANGUAGE_STANDARD = "gnu++0x";
				CLANG_CXX_LIBRARY = "libc++";
				CLANG_ENABLE_MODULES = YES;
				CLANG_ENABLE_OBJC_ARC = YES;
				CLANG_WARN_BOOL_CONVERSION = YES;
				CLANG_WARN_CONSTANT_CONVERSION = YES;
				CLANG_WARN_DIRECT_OBJC_ISA_USAGE = YES_ERROR;
				CLANG_WARN_EMPTY_BODY = YES;
				CLANG_WARN_ENUM_CONVERSION = YES;
				CLANG_WARN_INT_CONVERSION = YES;
				CLANG_WARN_OBJC_ROOT_CLASS = YES_ERROR;
				CLANG_WARN__DUPLICATE_METHOD_MATCH = YES;
				"CODE_SIGN_IDENTITY[sdk=iphoneos*]" = "iPhone Developer";
				COPY_PHASE_STRIP = NO;
				GCC_C_LANGUAGE_STANDARD = gnu99;
				GCC_DYNAMIC_NO_PIC = NO;
				GCC_OPTIMIZATION_LEVEL = 0;
				GCC_PREPROCESSOR_DEFINITIONS = (
					"DEBUG=1",
					"$(inherited)",
				);
				GCC_SYMBOLS_PRIVATE_EXTERN = NO;
				GCC_WARN_64_TO_32_BIT_CONVERSION = YES;
				GCC_WARN_ABOUT_RETURN_TYPE = YES_ERROR;
				GCC_WARN_UNDECLARED_SELECTOR = YES;
				GCC_WARN_UNINITIALIZED_AUTOS = YES;
				GCC_WARN_UNUSED_FUNCTION = YES;
				GCC_WARN_UNUSED_VARIABLE = YES;
				IPHONEOS_DEPLOYMENT_TARGET = 7.0;
				ONLY_ACTIVE_ARCH = YES;
				SDKROOT = iphoneos;
			};
			name = Debug;
		};
		F30B17EB18C49D320098C575 /* Release */ = {
			isa = XCBuildConfiguration;
			buildSettings = {
				ALWAYS_SEARCH_USER_PATHS = NO;
				ARCHS = "$(ARCHS_STANDARD_INCLUDING_64_BIT)";
				CLANG_CXX_LANGUAGE_STANDARD = "gnu++0x";
				CLANG_CXX_LIBRARY = "libc++";
				CLANG_ENABLE_MODULES = YES;
				CLANG_ENABLE_OBJC_ARC = YES;
				CLANG_WARN_BOOL_CONVERSION = YES;
				CLANG_WARN_CONSTANT_CONVERSION = YES;
				CLANG_WARN_DIRECT_OBJC_ISA_USAGE = YES_ERROR;
				CLANG_WARN_EMPTY_BODY = YES;
				CLANG_WARN_ENUM_CONVERSION = YES;
				CLANG_WARN_INT_CONVERSION = YES;
				CLANG_WARN_OBJC_ROOT_CLASS = YES_ERROR;
				CLANG_WARN__DUPLICATE_METHOD_MATCH = YES;
				"CODE_SIGN_IDENTITY[sdk=iphoneos*]" = "iPhone Developer";
				COPY_PHASE_STRIP = YES;
				ENABLE_NS_ASSERTIONS = NO;
				GCC_C_LANGUAGE_STANDARD = gnu99;
				GCC_WARN_64_TO_32_BIT_CONVERSION = YES;
				GCC_WARN_ABOUT_RETURN_TYPE = YES_ERROR;
				GCC_WARN_UNDECLARED_SELECTOR = YES;
				GCC_WARN_UNINITIALIZED_AUTOS = YES;
				GCC_WARN_UNUSED_FUNCTION = YES;
				GCC_WARN_UNUSED_VARIABLE = YES;
				IPHONEOS_DEPLOYMENT_TARGET = 7.0;
				SDKROOT = iphoneos;
				VALIDATE_PRODUCT = YES;
			};
			name = Release;
		};
		F30B17ED18C49D320098C575 /* Debug */ = {
			isa = XCBuildConfiguration;
			buildSettings = {
				ASSETCATALOG_COMPILER_APPICON_NAME = AppIcon;
				ASSETCATALOG_COMPILER_LAUNCHIMAGE_NAME = LaunchImage;
				GCC_PRECOMPILE_PREFIX_HEADER = YES;
				GCC_PREFIX_HEADER = "ServerConnectionExample/ServerConnectionExample-Prefix.pch";
				INFOPLIST_FILE = "ServerConnectionExample/ServerConnectionExample-Info.plist";
				PRODUCT_NAME = "$(TARGET_NAME)";
				WRAPPER_EXTENSION = app;
			};
			name = Debug;
		};
		F30B17EE18C49D320098C575 /* Release */ = {
			isa = XCBuildConfiguration;
			buildSettings = {
				ASSETCATALOG_COMPILER_APPICON_NAME = AppIcon;
				ASSETCATALOG_COMPILER_LAUNCHIMAGE_NAME = LaunchImage;
				GCC_PRECOMPILE_PREFIX_HEADER = YES;
				GCC_PREFIX_HEADER = "ServerConnectionExample/ServerConnectionExample-Prefix.pch";
				INFOPLIST_FILE = "ServerConnectionExample/ServerConnectionExample-Info.plist";
				PRODUCT_NAME = "$(TARGET_NAME)";
				WRAPPER_EXTENSION = app;
			};
			name = Release;
		};
		F30B17F018C49D320098C575 /* Debug */ = {
			isa = XCBuildConfiguration;
			buildSettings = {
				ARCHS = "$(ARCHS_STANDARD_INCLUDING_64_BIT)";
				BUNDLE_LOADER = "$(BUILT_PRODUCTS_DIR)/ServerConnectionExample.app/ServerConnectionExample";
				FRAMEWORK_SEARCH_PATHS = (
					"$(SDKROOT)/Developer/Library/Frameworks",
					"$(inherited)",
					"$(DEVELOPER_FRAMEWORKS_DIR)",
				);
				GCC_PRECOMPILE_PREFIX_HEADER = YES;
				GCC_PREFIX_HEADER = "ServerConnectionExample/ServerConnectionExample-Prefix.pch";
				GCC_PREPROCESSOR_DEFINITIONS = (
					"DEBUG=1",
					"$(inherited)",
				);
				INFOPLIST_FILE = "ServerConnectionExampleTests/ServerConnectionExampleTests-Info.plist";
				PRODUCT_NAME = "$(TARGET_NAME)";
				TEST_HOST = "$(BUNDLE_LOADER)";
				WRAPPER_EXTENSION = xctest;
			};
			name = Debug;
		};
		F30B17F118C49D320098C575 /* Release */ = {
			isa = XCBuildConfiguration;
			buildSettings = {
				ARCHS = "$(ARCHS_STANDARD_INCLUDING_64_BIT)";
				BUNDLE_LOADER = "$(BUILT_PRODUCTS_DIR)/ServerConnectionExample.app/ServerConnectionExample";
				FRAMEWORK_SEARCH_PATHS = (
					"$(SDKROOT)/Developer/Library/Frameworks",
					"$(inherited)",
					"$(DEVELOPER_FRAMEWORKS_DIR)",
				);
				GCC_PRECOMPILE_PREFIX_HEADER = YES;
				GCC_PREFIX_HEADER = "ServerConnectionExample/ServerConnectionExample-Prefix.pch";
				INFOPLIST_FILE = "ServerConnectionExampleTests/ServerConnectionExampleTests-Info.plist";
				PRODUCT_NAME = "$(TARGET_NAME)";
				TEST_HOST = "$(BUNDLE_LOADER)";
				WRAPPER_EXTENSION = xctest;
			};
			name = Release;
		};
/* End XCBuildConfiguration section */

/* Begin XCConfigurationList section */
		F30B17B518C49D320098C575 /* Build configuration list for PBXProject "ServerConnectionExample" */ = {
			isa = XCConfigurationList;
			buildConfigurations = (
				F30B17EA18C49D320098C575 /* Debug */,
				F30B17EB18C49D320098C575 /* Release */,
			);
			defaultConfigurationIsVisible = 0;
			defaultConfigurationName = Release;
		};
		F30B17EC18C49D320098C575 /* Build configuration list for PBXNativeTarget "ServerConnectionExample" */ = {
			isa = XCConfigurationList;
			buildConfigurations = (
				F30B17ED18C49D320098C575 /* Debug */,
				F30B17EE18C49D320098C575 /* Release */,
			);
			defaultConfigurationIsVisible = 0;
		};
		F30B17EF18C49D320098C575 /* Build configuration list for PBXNativeTarget "ServerConnectionExampleTests" */ = {
			isa = XCConfigurationList;
			buildConfigurations = (
				F30B17F018C49D320098C575 /* Debug */,
				F30B17F118C49D320098C575 /* Release */,
			);
			defaultConfigurationIsVisible = 0;
		};
/* End XCConfigurationList section */
	};
	rootObject = F30B17B218C49D320098C575 /* Project object */;
}
